
Microsoft Visual Studio Solution File, Format Version 12.00
# Visual Studio Version 16
VisualStudioVersion = 16.0.30413.136
MinimumVisualStudioVersion = 10.0.40219.1
Project("{9A19103F-16F7-4668-BE54-9A1E7A4F7556}") = "BrainWorks.Nest.Data", "BrainWorks.Nest.Data\BrainWorks.Nest.Data.csproj", "{B186EBE1-05DD-46A1-8F35-2E233D2672C1}"
EndProject
Project("{9A19103F-16F7-4668-BE54-9A1E7A4F7556}") = "BrainWorks.Nest.Persistence", "BrainWorks.Nest.Persistence\BrainWorks.Nest.Persistence.csproj", "{6C6F24E5-7628-4FC2-9709-2F32A8631128}"
EndProject
Project("{9A19103F-16F7-4668-BE54-9A1E7A4F7556}") = "BrainWorks.Nest.Services", "BrainWorks.Nest.Services\BrainWorks.Nest.Services.csproj", "{D7026121-5634-4C64-AA3F-83F7C1E789F6}"
EndProject
Project("{9A19103F-16F7-4668-BE54-9A1E7A4F7556}") = "BrainWorks.Nest.Web", "BrainWorks.Nest.Web\BrainWorks.Nest.Web.csproj", "{79376ABC-7520-41DD-A28E-DFAFCDEAAE86}"
EndProject
Project("{2150E333-8FDC-42A3-9474-1A3956D46DE8}") = "SolutionItems", "SolutionItems", "{E856B649-2EA7-452B-A97B-1D9450057A7E}"
	ProjectSection(SolutionItems) = preProject
		.gitattributes = .gitattributes
		.gitignore = .gitignore
	EndProjectSection
EndProject
Global
	GlobalSection(SolutionConfigurationPlatforms) = preSolution
		Debug|Any CPU = Debug|Any CPU
		Release|Any CPU = Release|Any CPU
	EndGlobalSection
	GlobalSection(ProjectConfigurationPlatforms) = postSolution
		{B186EBE1-05DD-46A1-8F35-2E233D2672C1}.Debug|Any CPU.ActiveCfg = Debug|Any CPU
		{B186EBE1-05DD-46A1-8F35-2E233D2672C1}.Debug|Any CPU.Build.0 = Debug|Any CPU
		{B186EBE1-05DD-46A1-8F35-2E233D2672C1}.Release|Any CPU.ActiveCfg = Release|Any CPU
		{B186EBE1-05DD-46A1-8F35-2E233D2672C1}.Release|Any CPU.Build.0 = Release|Any CPU
		{6C6F24E5-7628-4FC2-9709-2F32A8631128}.Debug|Any CPU.ActiveCfg = Debug|Any CPU
		{6C6F24E5-7628-4FC2-9709-2F32A8631128}.Debug|Any CPU.Build.0 = Debug|Any CPU
		{6C6F24E5-7628-4FC2-9709-2F32A8631128}.Release|Any CPU.ActiveCfg = Release|Any CPU
		{6C6F24E5-7628-4FC2-9709-2F32A8631128}.Release|Any CPU.Build.0 = Release|Any CPU
		{D7026121-5634-4C64-AA3F-83F7C1E789F6}.Debug|Any CPU.ActiveCfg = Debug|Any CPU
		{D7026121-5634-4C64-AA3F-83F7C1E789F6}.Debug|Any CPU.Build.0 = Debug|Any CPU
		{D7026121-5634-4C64-AA3F-83F7C1E789F6}.Release|Any CPU.ActiveCfg = Release|Any CPU
		{D7026121-5634-4C64-AA3F-83F7C1E789F6}.Release|Any CPU.Build.0 = Release|Any CPU
		{79376ABC-7520-41DD-A28E-DFAFCDEAAE86}.Debug|Any CPU.ActiveCfg = Debug|Any CPU
		{79376ABC-7520-41DD-A28E-DFAFCDEAAE86}.Debug|Any CPU.Build.0 = Debug|Any CPU
		{79376ABC-7520-41DD-A28E-DFAFCDEAAE86}.Release|Any CPU.ActiveCfg = Release|Any CPU
		{79376ABC-7520-41DD-A28E-DFAFCDEAAE86}.Release|Any CPU.Build.0 = Release|Any CPU
	EndGlobalSection
	GlobalSection(SolutionProperties) = preSolution
		HideSolutionNode = FALSE
	EndGlobalSection
	GlobalSection(ExtensibilityGlobals) = postSolution
		SolutionGuid = {19C24A53-E13D-4E87-A72C-E5F336E34FAB}
	EndGlobalSection
EndGlobal
